// !$*UTF8*$!
{
	archiveVersion = 1;
	classes = {
	};
	objectVersion = 51;
	objects = {

/* Begin PBXBuildFile section */
		372D8C530437ECCC70DCC632 /* Pods_EmailFinder.framework in Frameworks */ = {isa = PBXBuildFile; fileRef = E1D1D21E0D861E3B18592CD4 /* Pods_EmailFinder.framework */; };
		9FB3554BDAD192F3AD174B56 /* Pods_EmailFinderTests.framework in Frameworks */ = {isa = PBXBuildFile; fileRef = EA0AC5075256110F14FE8665 /* Pods_EmailFinderTests.framework */; };
		D01EEB74250408D400B09EC7 /* AppDelegate.swift in Sources */ = {isa = PBXBuildFile; fileRef = D01EEB73250408D400B09EC7 /* AppDelegate.swift */; };
		D01EEB78250408D900B09EC7 /* Assets.xcassets in Resources */ = {isa = PBXBuildFile; fileRef = D01EEB77250408D900B09EC7 /* Assets.xcassets */; };
		D01EEB7E250408D900B09EC7 /* Main.storyboard in Resources */ = {isa = PBXBuildFile; fileRef = D01EEB7C250408D900B09EC7 /* Main.storyboard */; };
		D01EEB8A250408D900B09EC7 /* EmailFinderTests.swift in Sources */ = {isa = PBXBuildFile; fileRef = D01EEB89250408D900B09EC7 /* EmailFinderTests.swift */; };
		D03F34A6250C2DF8001CCC97 /* MailboxDownloaderViewModel.swift in Sources */ = {isa = PBXBuildFile; fileRef = D03F34A5250C2DF7001CCC97 /* MailboxDownloaderViewModel.swift */; };
		D03F34A8250C2E17001CCC97 /* MailboxDownloaderViewModelBase.swift in Sources */ = {isa = PBXBuildFile; fileRef = D03F34A7250C2E17001CCC97 /* MailboxDownloaderViewModelBase.swift */; };
		D03F34AA250C31EB001CCC97 /* SharedContainer.swift in Sources */ = {isa = PBXBuildFile; fileRef = D03F34A9250C31EA001CCC97 /* SharedContainer.swift */; };
		D03F34AB250C31EB001CCC97 /* SharedContainer.swift in Sources */ = {isa = PBXBuildFile; fileRef = D03F34A9250C31EA001CCC97 /* SharedContainer.swift */; };
		D03F34AE250CFF83001CCC97 /* EmailData.swift in Sources */ = {isa = PBXBuildFile; fileRef = D03F34AD250CFF83001CCC97 /* EmailData.swift */; };
		D03F34AF250CFF84001CCC97 /* EmailData.swift in Sources */ = {isa = PBXBuildFile; fileRef = D03F34AD250CFF83001CCC97 /* EmailData.swift */; };
		D03F34B1250D727A001CCC97 /* MailSynchronizerController.swift in Sources */ = {isa = PBXBuildFile; fileRef = D03F34B0250D7279001CCC97 /* MailSynchronizerController.swift */; };
		D03F34B6250D8CD5001CCC97 /* Formats+DateFormatter.swift in Sources */ = {isa = PBXBuildFile; fileRef = D03F34B5250D8CD5001CCC97 /* Formats+DateFormatter.swift */; };
		D03F34B7250D8CD5001CCC97 /* Formats+DateFormatter.swift in Sources */ = {isa = PBXBuildFile; fileRef = D03F34B5250D8CD5001CCC97 /* Formats+DateFormatter.swift */; };
		D03F354B2512D67A001CCC97 /* MailboxDownloaderViewModelMock.swift in Sources */ = {isa = PBXBuildFile; fileRef = D03F354A2512D67A001CCC97 /* MailboxDownloaderViewModelMock.swift */; };
		D03F354C2512D856001CCC97 /* MailboxDownloaderViewModelBase.swift in Sources */ = {isa = PBXBuildFile; fileRef = D03F34A7250C2E17001CCC97 /* MailboxDownloaderViewModelBase.swift */; };
		D0DD0EED2516679B000774DA /* MailSynchronizerController.swift in Sources */ = {isa = PBXBuildFile; fileRef = D03F34B0250D7279001CCC97 /* MailSynchronizerController.swift */; };
/* End PBXBuildFile section */

/* Begin PBXContainerItemProxy section */
		D01EEB86250408D900B09EC7 /* PBXContainerItemProxy */ = {
			isa = PBXContainerItemProxy;
			containerPortal = D01EEB68250408D400B09EC7 /* Project object */;
			proxyType = 1;
			remoteGlobalIDString = D01EEB6F250408D400B09EC7;
			remoteInfo = EmailFinder;
		};
/* End PBXContainerItemProxy section */

/* Begin PBXFileReference section */
		077284B2F85ABAEDF52A8CCD /* Pods-EmailFinder.release.xcconfig */ = {isa = PBXFileReference; includeInIndex = 1; lastKnownFileType = text.xcconfig; name = "Pods-EmailFinder.release.xcconfig"; path = "Target Support Files/Pods-EmailFinder/Pods-EmailFinder.release.xcconfig"; sourceTree = "<group>"; };
		8FC90BEF146F38E6266CF3D1 /* Pods-EmailFinderTests.debug.xcconfig */ = {isa = PBXFileReference; includeInIndex = 1; lastKnownFileType = text.xcconfig; name = "Pods-EmailFinderTests.debug.xcconfig"; path = "Target Support Files/Pods-EmailFinderTests/Pods-EmailFinderTests.debug.xcconfig"; sourceTree = "<group>"; };
		928247C4F101E07C6390FE61 /* Pods-EmailFinder.debug.xcconfig */ = {isa = PBXFileReference; includeInIndex = 1; lastKnownFileType = text.xcconfig; name = "Pods-EmailFinder.debug.xcconfig"; path = "Target Support Files/Pods-EmailFinder/Pods-EmailFinder.debug.xcconfig"; sourceTree = "<group>"; };
		9E8F0470C6E54920BB77EB65 /* Pods-EmailFinderTests.release.xcconfig */ = {isa = PBXFileReference; includeInIndex = 1; lastKnownFileType = text.xcconfig; name = "Pods-EmailFinderTests.release.xcconfig"; path = "Target Support Files/Pods-EmailFinderTests/Pods-EmailFinderTests.release.xcconfig"; sourceTree = "<group>"; };
		D01EEB70250408D400B09EC7 /* EmailFinder.app */ = {isa = PBXFileReference; explicitFileType = wrapper.application; includeInIndex = 0; path = EmailFinder.app; sourceTree = BUILT_PRODUCTS_DIR; };
		D01EEB73250408D400B09EC7 /* AppDelegate.swift */ = {isa = PBXFileReference; lastKnownFileType = sourcecode.swift; path = AppDelegate.swift; sourceTree = "<group>"; };
		D01EEB77250408D900B09EC7 /* Assets.xcassets */ = {isa = PBXFileReference; lastKnownFileType = folder.assetcatalog; path = Assets.xcassets; sourceTree = "<group>"; };
		D01EEB7D250408D900B09EC7 /* Base */ = {isa = PBXFileReference; lastKnownFileType = file.storyboard; name = Base; path = Base.lproj/Main.storyboard; sourceTree = "<group>"; };
		D01EEB7F250408D900B09EC7 /* Info.plist */ = {isa = PBXFileReference; lastKnownFileType = text.plist.xml; path = Info.plist; sourceTree = "<group>"; };
		D01EEB80250408D900B09EC7 /* EmailFinder.entitlements */ = {isa = PBXFileReference; lastKnownFileType = text.plist.entitlements; path = EmailFinder.entitlements; sourceTree = "<group>"; };
		D01EEB85250408D900B09EC7 /* EmailFinderTests.xctest */ = {isa = PBXFileReference; explicitFileType = wrapper.cfbundle; includeInIndex = 0; path = EmailFinderTests.xctest; sourceTree = BUILT_PRODUCTS_DIR; };
		D01EEB89250408D900B09EC7 /* EmailFinderTests.swift */ = {isa = PBXFileReference; lastKnownFileType = sourcecode.swift; path = EmailFinderTests.swift; sourceTree = "<group>"; };
		D01EEB8B250408D900B09EC7 /* Info.plist */ = {isa = PBXFileReference; lastKnownFileType = text.plist.xml; path = Info.plist; sourceTree = "<group>"; };
		D03F34A5250C2DF7001CCC97 /* MailboxDownloaderViewModel.swift */ = {isa = PBXFileReference; lastKnownFileType = sourcecode.swift; path = MailboxDownloaderViewModel.swift; sourceTree = "<group>"; };
		D03F34A7250C2E17001CCC97 /* MailboxDownloaderViewModelBase.swift */ = {isa = PBXFileReference; lastKnownFileType = sourcecode.swift; path = MailboxDownloaderViewModelBase.swift; sourceTree = "<group>"; };
		D03F34A9250C31EA001CCC97 /* SharedContainer.swift */ = {isa = PBXFileReference; lastKnownFileType = sourcecode.swift; path = SharedContainer.swift; sourceTree = "<group>"; };
		D03F34AD250CFF83001CCC97 /* EmailData.swift */ = {isa = PBXFileReference; lastKnownFileType = sourcecode.swift; path = EmailData.swift; sourceTree = "<group>"; };
		D03F34B0250D7279001CCC97 /* MailSynchronizerController.swift */ = {isa = PBXFileReference; lastKnownFileType = sourcecode.swift; path = MailSynchronizerController.swift; sourceTree = "<group>"; };
		D03F34B5250D8CD5001CCC97 /* Formats+DateFormatter.swift */ = {isa = PBXFileReference; lastKnownFileType = sourcecode.swift; path = "Formats+DateFormatter.swift"; sourceTree = "<group>"; };
		D03F354A2512D67A001CCC97 /* MailboxDownloaderViewModelMock.swift */ = {isa = PBXFileReference; lastKnownFileType = sourcecode.swift; path = MailboxDownloaderViewModelMock.swift; sourceTree = "<group>"; };
		E1D1D21E0D861E3B18592CD4 /* Pods_EmailFinder.framework */ = {isa = PBXFileReference; explicitFileType = wrapper.framework; includeInIndex = 0; path = Pods_EmailFinder.framework; sourceTree = BUILT_PRODUCTS_DIR; };
		EA0AC5075256110F14FE8665 /* Pods_EmailFinderTests.framework */ = {isa = PBXFileReference; explicitFileType = wrapper.framework; includeInIndex = 0; path = Pods_EmailFinderTests.framework; sourceTree = BUILT_PRODUCTS_DIR; };
/* End PBXFileReference section */

/* Begin PBXFrameworksBuildPhase section */
		D01EEB6D250408D400B09EC7 /* Frameworks */ = {
			isa = PBXFrameworksBuildPhase;
			buildActionMask = 2147483647;
			files = (
				372D8C530437ECCC70DCC632 /* Pods_EmailFinder.framework in Frameworks */,
			);
			runOnlyForDeploymentPostprocessing = 0;
		};
		D01EEB82250408D900B09EC7 /* Frameworks */ = {
			isa = PBXFrameworksBuildPhase;
			buildActionMask = 2147483647;
			files = (
				9FB3554BDAD192F3AD174B56 /* Pods_EmailFinderTests.framework in Frameworks */,
			);
			runOnlyForDeploymentPostprocessing = 0;
		};
/* End PBXFrameworksBuildPhase section */

/* Begin PBXGroup section */
		908E384E700BF6A55623B145 /* Frameworks */ = {
			isa = PBXGroup;
			children = (
				E1D1D21E0D861E3B18592CD4 /* Pods_EmailFinder.framework */,
				EA0AC5075256110F14FE8665 /* Pods_EmailFinderTests.framework */,
			);
			name = Frameworks;
			sourceTree = "<group>";
		};
		9287D6908A03E0338D4F09C7 /* Pods */ = {
			isa = PBXGroup;
			children = (
				928247C4F101E07C6390FE61 /* Pods-EmailFinder.debug.xcconfig */,
				077284B2F85ABAEDF52A8CCD /* Pods-EmailFinder.release.xcconfig */,
				8FC90BEF146F38E6266CF3D1 /* Pods-EmailFinderTests.debug.xcconfig */,
				9E8F0470C6E54920BB77EB65 /* Pods-EmailFinderTests.release.xcconfig */,
			);
			path = Pods;
			sourceTree = "<group>";
		};
		D01EEB67250408D400B09EC7 = {
			isa = PBXGroup;
			children = (
				D01EEB72250408D400B09EC7 /* EmailFinder */,
				D01EEB88250408D900B09EC7 /* EmailFinderTests */,
				D01EEB71250408D400B09EC7 /* Products */,
				9287D6908A03E0338D4F09C7 /* Pods */,
				908E384E700BF6A55623B145 /* Frameworks */,
			);
			sourceTree = "<group>";
		};
		D01EEB71250408D400B09EC7 /* Products */ = {
			isa = PBXGroup;
			children = (
				D01EEB70250408D400B09EC7 /* EmailFinder.app */,
				D01EEB85250408D900B09EC7 /* EmailFinderTests.xctest */,
			);
			name = Products;
			sourceTree = "<group>";
		};
		D01EEB72250408D400B09EC7 /* EmailFinder */ = {
			isa = PBXGroup;
			children = (
				D01EEB73250408D400B09EC7 /* AppDelegate.swift */,
				D01EEB77250408D900B09EC7 /* Assets.xcassets */,
				D0DD0EE625166690000774DA /* Controller */,
				D01EEB80250408D900B09EC7 /* EmailFinder.entitlements */,
				D03F34B5250D8CD5001CCC97 /* Formats+DateFormatter.swift */,
				D01EEB7F250408D900B09EC7 /* Info.plist */,
				D01EEB7C250408D900B09EC7 /* Main.storyboard */,
				D03F34AC250CFF61001CCC97 /* Model */,
				D03F34A9250C31EA001CCC97 /* SharedContainer.swift */,
				D03F34A4250C2DB7001CCC97 /* ViewModel */,
			);
			path = EmailFinder;
			sourceTree = "<group>";
		};
		D01EEB88250408D900B09EC7 /* EmailFinderTests */ = {
			isa = PBXGroup;
			children = (
				D03F35492512D647001CCC97 /* ViewModelMock */,
				D01EEB89250408D900B09EC7 /* EmailFinderTests.swift */,
				D01EEB8B250408D900B09EC7 /* Info.plist */,
			);
			path = EmailFinderTests;
			sourceTree = "<group>";
		};
		D03F34A4250C2DB7001CCC97 /* ViewModel */ = {
			isa = PBXGroup;
			children = (
				D03F34A5250C2DF7001CCC97 /* MailboxDownloaderViewModel.swift */,
				D03F34A7250C2E17001CCC97 /* MailboxDownloaderViewModelBase.swift */,
			);
			path = ViewModel;
			sourceTree = "<group>";
		};
		D03F34AC250CFF61001CCC97 /* Model */ = {
			isa = PBXGroup;
			children = (
				D03F34AD250CFF83001CCC97 /* EmailData.swift */,
			);
			path = Model;
			sourceTree = "<group>";
		};
		D03F35492512D647001CCC97 /* ViewModelMock */ = {
			isa = PBXGroup;
			children = (
				D03F354A2512D67A001CCC97 /* MailboxDownloaderViewModelMock.swift */,
			);
			path = ViewModelMock;
			sourceTree = "<group>";
		};
		D0DD0EE625166690000774DA /* Controller */ = {
			isa = PBXGroup;
			children = (
				D03F34B0250D7279001CCC97 /* MailSynchronizerController.swift */,
			);
			path = Controller;
			sourceTree = "<group>";
		};
/* End PBXGroup section */

/* Begin PBXNativeTarget section */
		D01EEB6F250408D400B09EC7 /* EmailFinder */ = {
			isa = PBXNativeTarget;
			buildConfigurationList = D01EEB8E250408D900B09EC7 /* Build configuration list for PBXNativeTarget "EmailFinder" */;
			buildPhases = (
				E0745EFC24BCD9C209FDC3B0 /* [CP] Check Pods Manifest.lock */,
				D01EEB6C250408D400B09EC7 /* Sources */,
				D01EEB6D250408D400B09EC7 /* Frameworks */,
				D01EEB6E250408D400B09EC7 /* Resources */,
				FD541938326A9C39341A6C02 /* [CP] Embed Pods Frameworks */,
			);
			buildRules = (
			);
			dependencies = (
			);
			name = EmailFinder;
			productName = EmailFinder;
			productReference = D01EEB70250408D400B09EC7 /* EmailFinder.app */;
			productType = "com.apple.product-type.application";
		};
		D01EEB84250408D900B09EC7 /* EmailFinderTests */ = {
			isa = PBXNativeTarget;
			buildConfigurationList = D01EEB91250408D900B09EC7 /* Build configuration list for PBXNativeTarget "EmailFinderTests" */;
			buildPhases = (
				8BC01D2D0FB66E6D95AC78A8 /* [CP] Check Pods Manifest.lock */,
				D01EEB81250408D900B09EC7 /* Sources */,
				D01EEB82250408D900B09EC7 /* Frameworks */,
				D01EEB83250408D900B09EC7 /* Resources */,
			);
			buildRules = (
			);
			dependencies = (
				D01EEB87250408D900B09EC7 /* PBXTargetDependency */,
			);
			name = EmailFinderTests;
			productName = EmailFinderTests;
			productReference = D01EEB85250408D900B09EC7 /* EmailFinderTests.xctest */;
			productType = "com.apple.product-type.bundle.unit-test";
		};
/* End PBXNativeTarget section */

/* Begin PBXProject section */
		D01EEB68250408D400B09EC7 /* Project object */ = {
			isa = PBXProject;
			attributes = {
				LastSwiftUpdateCheck = 1170;
				LastUpgradeCheck = 1170;
				ORGANIZATIONNAME = "Mikołaj Płachta";
				TargetAttributes = {
					D01EEB6F250408D400B09EC7 = {
						CreatedOnToolsVersion = 11.7;
					};
					D01EEB84250408D900B09EC7 = {
						CreatedOnToolsVersion = 11.7;
						TestTargetID = D01EEB6F250408D400B09EC7;
					};
				};
			};
			buildConfigurationList = D01EEB6B250408D400B09EC7 /* Build configuration list for PBXProject "EmailFinder" */;
			compatibilityVersion = "Xcode 9.3";
			developmentRegion = en;
			hasScannedForEncodings = 0;
			knownRegions = (
				en,
				Base,
			);
			mainGroup = D01EEB67250408D400B09EC7;
			productRefGroup = D01EEB71250408D400B09EC7 /* Products */;
			projectDirPath = "";
			projectRoot = "";
			targets = (
				D01EEB6F250408D400B09EC7 /* EmailFinder */,
				D01EEB84250408D900B09EC7 /* EmailFinderTests */,
			);
		};
/* End PBXProject section */

/* Begin PBXResourcesBuildPhase section */
		D01EEB6E250408D400B09EC7 /* Resources */ = {
			isa = PBXResourcesBuildPhase;
			buildActionMask = 2147483647;
			files = (
				D01EEB7E250408D900B09EC7 /* Main.storyboard in Resources */,
				D01EEB78250408D900B09EC7 /* Assets.xcassets in Resources */,
			);
			runOnlyForDeploymentPostprocessing = 0;
		};
		D01EEB83250408D900B09EC7 /* Resources */ = {
			isa = PBXResourcesBuildPhase;
			buildActionMask = 2147483647;
			files = (
			);
			runOnlyForDeploymentPostprocessing = 0;
		};
/* End PBXResourcesBuildPhase section */

/* Begin PBXShellScriptBuildPhase section */
		8BC01D2D0FB66E6D95AC78A8 /* [CP] Check Pods Manifest.lock */ = {
			isa = PBXShellScriptBuildPhase;
			buildActionMask = 2147483647;
			files = (
			);
			inputFileListPaths = (
			);
			inputPaths = (
				"${PODS_PODFILE_DIR_PATH}/Podfile.lock",
				"${PODS_ROOT}/Manifest.lock",
			);
			name = "[CP] Check Pods Manifest.lock";
			outputFileListPaths = (
			);
			outputPaths = (
				"$(DERIVED_FILE_DIR)/Pods-EmailFinderTests-checkManifestLockResult.txt",
			);
			runOnlyForDeploymentPostprocessing = 0;
			shellPath = /bin/sh;
			shellScript = "diff \"${PODS_PODFILE_DIR_PATH}/Podfile.lock\" \"${PODS_ROOT}/Manifest.lock\" > /dev/null\nif [ $? != 0 ] ; then\n    # print error to STDERR\n    echo \"error: The sandbox is not in sync with the Podfile.lock. Run 'pod install' or update your CocoaPods installation.\" >&2\n    exit 1\nfi\n# This output is used by Xcode 'outputs' to avoid re-running this script phase.\necho \"SUCCESS\" > \"${SCRIPT_OUTPUT_FILE_0}\"\n";
			showEnvVarsInLog = 0;
		};
		E0745EFC24BCD9C209FDC3B0 /* [CP] Check Pods Manifest.lock */ = {
			isa = PBXShellScriptBuildPhase;
			buildActionMask = 2147483647;
			files = (
			);
			inputFileListPaths = (
			);
			inputPaths = (
				"${PODS_PODFILE_DIR_PATH}/Podfile.lock",
				"${PODS_ROOT}/Manifest.lock",
			);
			name = "[CP] Check Pods Manifest.lock";
			outputFileListPaths = (
			);
			outputPaths = (
				"$(DERIVED_FILE_DIR)/Pods-EmailFinder-checkManifestLockResult.txt",
			);
			runOnlyForDeploymentPostprocessing = 0;
			shellPath = /bin/sh;
			shellScript = "diff \"${PODS_PODFILE_DIR_PATH}/Podfile.lock\" \"${PODS_ROOT}/Manifest.lock\" > /dev/null\nif [ $? != 0 ] ; then\n    # print error to STDERR\n    echo \"error: The sandbox is not in sync with the Podfile.lock. Run 'pod install' or update your CocoaPods installation.\" >&2\n    exit 1\nfi\n# This output is used by Xcode 'outputs' to avoid re-running this script phase.\necho \"SUCCESS\" > \"${SCRIPT_OUTPUT_FILE_0}\"\n";
			showEnvVarsInLog = 0;
		};
		FD541938326A9C39341A6C02 /* [CP] Embed Pods Frameworks */ = {
			isa = PBXShellScriptBuildPhase;
			buildActionMask = 2147483647;
			files = (
			);
			inputFileListPaths = (
				"${PODS_ROOT}/Target Support Files/Pods-EmailFinder/Pods-EmailFinder-frameworks-${CONFIGURATION}-input-files.xcfilelist",
			);
			name = "[CP] Embed Pods Frameworks";
			outputFileListPaths = (
				"${PODS_ROOT}/Target Support Files/Pods-EmailFinder/Pods-EmailFinder-frameworks-${CONFIGURATION}-output-files.xcfilelist",
			);
			runOnlyForDeploymentPostprocessing = 0;
			shellPath = /bin/sh;
			shellScript = "\"${PODS_ROOT}/Target Support Files/Pods-EmailFinder/Pods-EmailFinder-frameworks.sh\"\n";
			showEnvVarsInLog = 0;
		};
/* End PBXShellScriptBuildPhase section */

/* Begin PBXSourcesBuildPhase section */
		D01EEB6C250408D400B09EC7 /* Sources */ = {
			isa = PBXSourcesBuildPhase;
			buildActionMask = 2147483647;
			files = (
				D03F34AA250C31EB001CCC97 /* SharedContainer.swift in Sources */,
				D03F34B6250D8CD5001CCC97 /* Formats+DateFormatter.swift in Sources */,
				D03F34B1250D727A001CCC97 /* MailSynchronizerController.swift in Sources */,
				D03F34A8250C2E17001CCC97 /* MailboxDownloaderViewModelBase.swift in Sources */,
				D01EEB74250408D400B09EC7 /* AppDelegate.swift in Sources */,
				D03F34AE250CFF83001CCC97 /* EmailData.swift in Sources */,
				D03F34A6250C2DF8001CCC97 /* MailboxDownloaderViewModel.swift in Sources */,
			);
			runOnlyForDeploymentPostprocessing = 0;
		};
		D01EEB81250408D900B09EC7 /* Sources */ = {
			isa = PBXSourcesBuildPhase;
			buildActionMask = 2147483647;
			files = (
				D03F34AB250C31EB001CCC97 /* SharedContainer.swift in Sources */,
				D03F34B7250D8CD5001CCC97 /* Formats+DateFormatter.swift in Sources */,
				D03F354C2512D856001CCC97 /* MailboxDownloaderViewModelBase.swift in Sources */,
				D03F354B2512D67A001CCC97 /* MailboxDownloaderViewModelMock.swift in Sources */,
				D03F34AF250CFF84001CCC97 /* EmailData.swift in Sources */,
				D01EEB8A250408D900B09EC7 /* EmailFinderTests.swift in Sources */,
				D0DD0EED2516679B000774DA /* MailSynchronizerController.swift in Sources */,
			);
			runOnlyForDeploymentPostprocessing = 0;
		};
/* End PBXSourcesBuildPhase section */

/* Begin PBXTargetDependency section */
		D01EEB87250408D900B09EC7 /* PBXTargetDependency */ = {
			isa = PBXTargetDependency;
			target = D01EEB6F250408D400B09EC7 /* EmailFinder */;
			targetProxy = D01EEB86250408D900B09EC7 /* PBXContainerItemProxy */;
		};
/* End PBXTargetDependency section */

/* Begin PBXVariantGroup section */
		D01EEB7C250408D900B09EC7 /* Main.storyboard */ = {
			isa = PBXVariantGroup;
			children = (
				D01EEB7D250408D900B09EC7 /* Base */,
			);
			name = Main.storyboard;
			sourceTree = "<group>";
		};
/* End PBXVariantGroup section */

/* Begin XCBuildConfiguration section */
		D01EEB8C250408D900B09EC7 /* Debug */ = {
			isa = XCBuildConfiguration;
			buildSettings = {
				ALWAYS_SEARCH_USER_PATHS = NO;
				CLANG_ANALYZER_NONNULL = YES;
				CLANG_ANALYZER_NUMBER_OBJECT_CONVERSION = YES_AGGRESSIVE;
				CLANG_CXX_LANGUAGE_STANDARD = "gnu++14";
				CLANG_CXX_LIBRARY = "libc++";
				CLANG_ENABLE_MODULES = YES;
				CLANG_ENABLE_OBJC_ARC = YES;
				CLANG_ENABLE_OBJC_WEAK = YES;
				CLANG_WARN_BLOCK_CAPTURE_AUTORELEASING = YES;
				CLANG_WARN_BOOL_CONVERSION = YES;
				CLANG_WARN_COMMA = YES;
				CLANG_WARN_CONSTANT_CONVERSION = YES;
				CLANG_WARN_DEPRECATED_OBJC_IMPLEMENTATIONS = YES;
				CLANG_WARN_DIRECT_OBJC_ISA_USAGE = YES_ERROR;
				CLANG_WARN_DOCUMENTATION_COMMENTS = YES;
				CLANG_WARN_EMPTY_BODY = YES;
				CLANG_WARN_ENUM_CONVERSION = YES;
				CLANG_WARN_INFINITE_RECURSION = YES;
				CLANG_WARN_INT_CONVERSION = YES;
				CLANG_WARN_NON_LITERAL_NULL_CONVERSION = YES;
				CLANG_WARN_OBJC_IMPLICIT_RETAIN_SELF = YES;
				CLANG_WARN_OBJC_LITERAL_CONVERSION = YES;
				CLANG_WARN_OBJC_ROOT_CLASS = YES_ERROR;
				CLANG_WARN_RANGE_LOOP_ANALYSIS = YES;
				CLANG_WARN_STRICT_PROTOTYPES = YES;
				CLANG_WARN_SUSPICIOUS_MOVE = YES;
				CLANG_WARN_UNGUARDED_AVAILABILITY = YES_AGGRESSIVE;
				CLANG_WARN_UNREACHABLE_CODE = YES;
				CLANG_WARN__DUPLICATE_METHOD_MATCH = YES;
				COPY_PHASE_STRIP = NO;
				DEBUG_INFORMATION_FORMAT = dwarf;
				ENABLE_STRICT_OBJC_MSGSEND = YES;
				ENABLE_TESTABILITY = YES;
				GCC_C_LANGUAGE_STANDARD = gnu11;
				GCC_DYNAMIC_NO_PIC = NO;
				GCC_NO_COMMON_BLOCKS = YES;
				GCC_OPTIMIZATION_LEVEL = 0;
				GCC_PREPROCESSOR_DEFINITIONS = (
					"DEBUG=1",
					"$(inherited)",
				);
				GCC_WARN_64_TO_32_BIT_CONVERSION = YES;
				GCC_WARN_ABOUT_RETURN_TYPE = YES_ERROR;
				GCC_WARN_UNDECLARED_SELECTOR = YES;
				GCC_WARN_UNINITIALIZED_AUTOS = YES_AGGRESSIVE;
				GCC_WARN_UNUSED_FUNCTION = YES;
				GCC_WARN_UNUSED_VARIABLE = YES;
				MACOSX_DEPLOYMENT_TARGET = 10.15;
				MTL_ENABLE_DEBUG_INFO = INCLUDE_SOURCE;
				MTL_FAST_MATH = YES;
				ONLY_ACTIVE_ARCH = YES;
				SDKROOT = macosx;
				SWIFT_ACTIVE_COMPILATION_CONDITIONS = DEBUG;
				SWIFT_OPTIMIZATION_LEVEL = "-Onone";
			};
			name = Debug;
		};
		D01EEB8D250408D900B09EC7 /* Release */ = {
			isa = XCBuildConfiguration;
			buildSettings = {
				ALWAYS_SEARCH_USER_PATHS = NO;
				CLANG_ANALYZER_NONNULL = YES;
				CLANG_ANALYZER_NUMBER_OBJECT_CONVERSION = YES_AGGRESSIVE;
				CLANG_CXX_LANGUAGE_STANDARD = "gnu++14";
				CLANG_CXX_LIBRARY = "libc++";
				CLANG_ENABLE_MODULES = YES;
				CLANG_ENABLE_OBJC_ARC = YES;
				CLANG_ENABLE_OBJC_WEAK = YES;
				CLANG_WARN_BLOCK_CAPTURE_AUTORELEASING = YES;
				CLANG_WARN_BOOL_CONVERSION = YES;
				CLANG_WARN_COMMA = YES;
				CLANG_WARN_CONSTANT_CONVERSION = YES;
				CLANG_WARN_DEPRECATED_OBJC_IMPLEMENTATIONS = YES;
				CLANG_WARN_DIRECT_OBJC_ISA_USAGE = YES_ERROR;
				CLANG_WARN_DOCUMENTATION_COMMENTS = YES;
				CLANG_WARN_EMPTY_BODY = YES;
				CLANG_WARN_ENUM_CONVERSION = YES;
				CLANG_WARN_INFINITE_RECURSION = YES;
				CLANG_WARN_INT_CONVERSION = YES;
				CLANG_WARN_NON_LITERAL_NULL_CONVERSION = YES;
				CLANG_WARN_OBJC_IMPLICIT_RETAIN_SELF = YES;
				CLANG_WARN_OBJC_LITERAL_CONVERSION = YES;
				CLANG_WARN_OBJC_ROOT_CLASS = YES_ERROR;
				CLANG_WARN_RANGE_LOOP_ANALYSIS = YES;
				CLANG_WARN_STRICT_PROTOTYPES = YES;
				CLANG_WARN_SUSPICIOUS_MOVE = YES;
				CLANG_WARN_UNGUARDED_AVAILABILITY = YES_AGGRESSIVE;
				CLANG_WARN_UNREACHABLE_CODE = YES;
				CLANG_WARN__DUPLICATE_METHOD_MATCH = YES;
				COPY_PHASE_STRIP = NO;
				DEBUG_INFORMATION_FORMAT = "dwarf-with-dsym";
				ENABLE_NS_ASSERTIONS = NO;
				ENABLE_STRICT_OBJC_MSGSEND = YES;
				GCC_C_LANGUAGE_STANDARD = gnu11;
				GCC_NO_COMMON_BLOCKS = YES;
				GCC_WARN_64_TO_32_BIT_CONVERSION = YES;
				GCC_WARN_ABOUT_RETURN_TYPE = YES_ERROR;
				GCC_WARN_UNDECLARED_SELECTOR = YES;
				GCC_WARN_UNINITIALIZED_AUTOS = YES_AGGRESSIVE;
				GCC_WARN_UNUSED_FUNCTION = YES;
				GCC_WARN_UNUSED_VARIABLE = YES;
				MACOSX_DEPLOYMENT_TARGET = 10.15;
				MTL_ENABLE_DEBUG_INFO = NO;
				MTL_FAST_MATH = YES;
				SDKROOT = macosx;
				SWIFT_COMPILATION_MODE = wholemodule;
				SWIFT_OPTIMIZATION_LEVEL = "-O";
			};
			name = Release;
		};
		D01EEB8F250408D900B09EC7 /* Debug */ = {
			isa = XCBuildConfiguration;
			baseConfigurationReference = 928247C4F101E07C6390FE61 /* Pods-EmailFinder.debug.xcconfig */;
			buildSettings = {
				ASSETCATALOG_COMPILER_APPICON_NAME = AppIcon;
				CODE_SIGN_ENTITLEMENTS = EmailFinder/EmailFinder.entitlements;
				CODE_SIGN_STYLE = Automatic;
				COMBINE_HIDPI_IMAGES = YES;
				DEVELOPMENT_ASSET_PATHS = "";
				ENABLE_PREVIEWS = YES;
				INFOPLIST_FILE = EmailFinder/Info.plist;
				LD_RUNPATH_SEARCH_PATHS = (
					"$(inherited)",
					"@executable_path/../Frameworks",
				);
				MACOSX_DEPLOYMENT_TARGET = 10.15;
				PRODUCT_BUNDLE_IDENTIFIER = com.mxndev.EmailFinder;
				PRODUCT_NAME = "$(TARGET_NAME)";
				SWIFT_VERSION = 5.0;
			};
			name = Debug;
		};
		D01EEB90250408D900B09EC7 /* Release */ = {
			isa = XCBuildConfiguration;
			baseConfigurationReference = 077284B2F85ABAEDF52A8CCD /* Pods-EmailFinder.release.xcconfig */;
			buildSettings = {
				ASSETCATALOG_COMPILER_APPICON_NAME = AppIcon;
				CODE_SIGN_ENTITLEMENTS = EmailFinder/EmailFinder.entitlements;
				CODE_SIGN_STYLE = Automatic;
				COMBINE_HIDPI_IMAGES = YES;
				DEVELOPMENT_ASSET_PATHS = "";
				ENABLE_PREVIEWS = YES;
				INFOPLIST_FILE = EmailFinder/Info.plist;
				LD_RUNPATH_SEARCH_PATHS = (
					"$(inherited)",
					"@executable_path/../Frameworks",
				);
				MACOSX_DEPLOYMENT_TARGET = 10.15;
				PRODUCT_BUNDLE_IDENTIFIER = com.mxndev.EmailFinder;
				PRODUCT_NAME = "$(TARGET_NAME)";
				SWIFT_VERSION = 5.0;
			};
			name = Release;
		};
		D01EEB92250408D900B09EC7 /* Debug */ = {
			isa = XCBuildConfiguration;
			baseConfigurationReference = 8FC90BEF146F38E6266CF3D1 /* Pods-EmailFinderTests.debug.xcconfig */;
			buildSettings = {
				ALWAYS_EMBED_SWIFT_STANDARD_LIBRARIES = YES;
				BUNDLE_LOADER = "$(TEST_HOST)";
				CODE_SIGN_STYLE = Automatic;
				COMBINE_HIDPI_IMAGES = YES;
				INFOPLIST_FILE = EmailFinderTests/Info.plist;
				LD_RUNPATH_SEARCH_PATHS = (
					"$(inherited)",
					"@executable_path/../Frameworks",
					"@loader_path/../Frameworks",
				);
				MACOSX_DEPLOYMENT_TARGET = 10.15;
				PRODUCT_BUNDLE_IDENTIFIER = com.mxndev.EmailFinderTests;
				PRODUCT_NAME = "$(TARGET_NAME)";
				SWIFT_VERSION = 5.0;
				TEST_HOST = "$(BUILT_PRODUCTS_DIR)/EmailFinder.app/Contents/MacOS/EmailFinder";
			};
			name = Debug;
		};
		D01EEB93250408D900B09EC7 /* Release */ = {
			isa = XCBuildConfiguration;
			baseConfigurationReference = 9E8F0470C6E54920BB77EB65 /* Pods-EmailFinderTests.release.xcconfig */;
			buildSettings = {
				ALWAYS_EMBED_SWIFT_STANDARD_LIBRARIES = YES;
				BUNDLE_LOADER = "$(TEST_HOST)";
				CODE_SIGN_STYLE = Automatic;
				COMBINE_HIDPI_IMAGES = YES;
				INFOPLIST_FILE = EmailFinderTests/Info.plist;
				LD_RUNPATH_SEARCH_PATHS = (
					"$(inherited)",
					"@executable_path/../Frameworks",
					"@loader_path/../Frameworks",
				);
				MACOSX_DEPLOYMENT_TARGET = 10.15;
				PRODUCT_BUNDLE_IDENTIFIER = com.mxndev.EmailFinderTests;
				PRODUCT_NAME = "$(TARGET_NAME)";
				SWIFT_VERSION = 5.0;
				TEST_HOST = "$(BUILT_PRODUCTS_DIR)/EmailFinder.app/Contents/MacOS/EmailFinder";
			};
			name = Release;
		};
/* End XCBuildConfiguration section */

/* Begin XCConfigurationList section */
		D01EEB6B250408D400B09EC7 /* Build configuration list for PBXProject "EmailFinder" */ = {
			isa = XCConfigurationList;
			buildConfigurations = (
				D01EEB8C250408D900B09EC7 /* Debug */,
				D01EEB8D250408D900B09EC7 /* Release */,
			);
			defaultConfigurationIsVisible = 0;
			defaultConfigurationName = Release;
		};
		D01EEB8E250408D900B09EC7 /* Build configuration list for PBXNativeTarget "EmailFinder" */ = {
			isa = XCConfigurationList;
			buildConfigurations = (
				D01EEB8F250408D900B09EC7 /* Debug */,
				D01EEB90250408D900B09EC7 /* Release */,
			);
			defaultConfigurationIsVisible = 0;
			defaultConfigurationName = Release;
		};
		D01EEB91250408D900B09EC7 /* Build configuration list for PBXNativeTarget "EmailFinderTests" */ = {
			isa = XCConfigurationList;
			buildConfigurations = (
				D01EEB92250408D900B09EC7 /* Debug */,
				D01EEB93250408D900B09EC7 /* Release */,
			);
			defaultConfigurationIsVisible = 0;
			defaultConfigurationName = Release;
		};
/* End XCConfigurationList section */
	};
	rootObject = D01EEB68250408D400B09EC7 /* Project object */;
}
